{
  "name": "ut grade viewer",
  "lockfileVersion": 2,
  "requires": true,
  "packages": {
    "": {
      "dependencies": {
        "csv-parse": "^5.3.8"
      }
    },
    "node_modules/csv-parse": {
      "version": "5.3.8",
      "resolved": "https://registry.npmjs.org/csv-parse/-/csv-parse-5.3.8.tgz",
      "integrity": "sha512-ird8lzMv9I64oqIVIHdaTbT7Yr55n2C/Nv6m1LxO7nddLEeI67468VQ9Ik+r6lwYbK9kTE1oSqAVcVKc/Uqx6g=="
    }
  },
  "dependencies": {
    "csv-parse": {
      "version": "5.3.8",
      "resolved": "https://registry.npmjs.org/csv-parse/-/csv-parse-5.3.8.tgz",
      "integrity": "sha512-ird8lzMv9I64oqIVIHdaTbT7Yr55n2C/Nv6m1LxO7nddLEeI67468VQ9Ik+r6lwYbK9kTE1oSqAVcVKc/Uqx6g=="
    }
  }
}
